# THIS IS AN AUTOGENERATED FILE. DO NOT EDIT THIS FILE DIRECTLY.
# yarn lockfile v1


commander@*:
  version "7.2.0"
  resolved "https://registry.npm.taobao.org/commander/download/commander-7.2.0.tgz?cache=0&sync_timestamp=1616363849438&other_urls=https%3A%2F%2Fregistry.npm.taobao.org%2Fcommander%2Fdownload%2Fcommander-7.2.0.tgz#a36cb57d0b501ce108e4d20559a150a391d97ab7"
  integrity sha1-o2y1fQtQHOEI5NIFWaFQo5HZerc=

get-value@^3.0.1:
  version "3.0.1"
  resolved "https://registry.npm.taobao.org/get-value/download/get-value-3.0.1.tgz#5efd2a157f1d6a516d7524e124ac52d0a39ef5a8"
  integrity sha1-Xv0qFX8dalFtdSThJKxS0KOe9ag=
  dependencies:
    isobject "^3.0.1"

isobject@^3.0.1:
  version "3.0.1"
  resolved "https://registry.npm.taobao.org/isobject/download/isobject-3.0.1.tgz#4e431e92b11a9731636aa1f9c8d1ccbcfdab78df"
  integrity sha1-TkMekrEalzFjaqH5yNHMvP2reN8=

mockjs@^1.1.0:
  version "1.1.0"
  resolved "https://registry.npm.taobao.org/mockjs/download/mockjs-1.1.0.tgz#e6a0c378e91906dbaff20911cc0273b3c7d75b06"
  integrity sha1-5qDDeOkZBtuv8gkRzAJzs8fXWwY=
  dependencies:
    commander "*"

uview-ui@^1.8.3:
  version "1.8.4"
  resolved "https://registry.npm.taobao.org/uview-ui/download/uview-ui-1.8.4.tgz#e32bbf2379421d319022e324e1cb7b5387d3bd44"
  integrity sha1-4yu/I3lCHTGQIuMk4ct7U4fTvUQ=
